
Microsoft Visual Studio Solution File, Format Version 12.00
# Visual Studio 15
VisualStudioVersion = 15.0.26228.12
MinimumVisualStudioVersion = 10.0.40219.1
Project("{FAE04EC0-301F-11D3-BF4B-00C04F79EFBC}") = "ReavusWolfe.Services", "ReavusWolfe.Services\ReavusWolfe.Services.csproj", "{7FC35915-6914-46BB-AF28-75D2ECC384E4}"
EndProject
Project("{FAE04EC0-301F-11D3-BF4B-00C04F79EFBC}") = "ReavusWolfe.UI", "ReavusWolfe.Main\ReavusWolfe.UI.csproj", "{012C20A1-74FB-4CD4-B9BE-ACF66D23525F}"
EndProject
Project("{FAE04EC0-301F-11D3-BF4B-00C04F79EFBC}") = "ReavusWolfe.Domain", "ReavusWolfe.Domain\ReavusWolfe.Domain.csproj", "{21366A24-F8A8-4D3C-AC95-2772135B0C43}"
EndProject
Global
	GlobalSection(SolutionConfigurationPlatforms) = preSolution
		Debug|Any CPU = Debug|Any CPU
		Release|Any CPU = Release|Any CPU
	EndGlobalSection
	GlobalSection(ProjectConfigurationPlatforms) = postSolution
		{7FC35915-6914-46BB-AF28-75D2ECC384E4}.Debug|Any CPU.ActiveCfg = Debug|Any CPU
		{7FC35915-6914-46BB-AF28-75D2ECC384E4}.Debug|Any CPU.Build.0 = Debug|Any CPU
		{7FC35915-6914-46BB-AF28-75D2ECC384E4}.Release|Any CPU.ActiveCfg = Release|Any CPU
		{7FC35915-6914-46BB-AF28-75D2ECC384E4}.Release|Any CPU.Build.0 = Release|Any CPU
		{012C20A1-74FB-4CD4-B9BE-ACF66D23525F}.Debug|Any CPU.ActiveCfg = Debug|Any CPU
		{012C20A1-74FB-4CD4-B9BE-ACF66D23525F}.Debug|Any CPU.Build.0 = Debug|Any CPU
		{012C20A1-74FB-4CD4-B9BE-ACF66D23525F}.Release|Any CPU.ActiveCfg = Release|Any CPU
		{012C20A1-74FB-4CD4-B9BE-ACF66D23525F}.Release|Any CPU.Build.0 = Release|Any CPU
		{21366A24-F8A8-4D3C-AC95-2772135B0C43}.Debug|Any CPU.ActiveCfg = Debug|Any CPU
		{21366A24-F8A8-4D3C-AC95-2772135B0C43}.Debug|Any CPU.Build.0 = Debug|Any CPU
		{21366A24-F8A8-4D3C-AC95-2772135B0C43}.Release|Any CPU.ActiveCfg = Release|Any CPU
		{21366A24-F8A8-4D3C-AC95-2772135B0C43}.Release|Any CPU.Build.0 = Release|Any CPU
	EndGlobalSection
	GlobalSection(SolutionProperties) = preSolution
		HideSolutionNode = FALSE
	EndGlobalSection
EndGlobal
